
Microsoft Visual Studio Solution File, Format Version 12.00
# Visual Studio 2012
Project("{FAE04EC0-301F-11D3-BF4B-00C04F79EFBC}") = "FenxingDemo", "FenxingDemo.csproj", "{B8BB7D62-F9D8-4BDC-A157-57DCBF969300}"
EndProject
Global
	GlobalSection(SolutionConfigurationPlatforms) = preSolution
		Debug|Any CPU = Debug|Any CPU
		Release|Any CPU = Release|Any CPU
	EndGlobalSection
	GlobalSection(ProjectConfigurationPlatforms) = postSolution
		{B8BB7D62-F9D8-4BDC-A157-57DCBF969300}.Debug|Any CPU.ActiveCfg = Debug|Any CPU
		{B8BB7D62-F9D8-4BDC-A157-57DCBF969300}.Debug|Any CPU.Build.0 = Debug|Any CPU
		{B8BB7D62-F9D8-4BDC-A157-57DCBF969300}.Release|Any CPU.ActiveCfg = Release|Any CPU
		{B8BB7D62-F9D8-4BDC-A157-57DCBF969300}.Release|Any CPU.Build.0 = Release|Any CPU
	EndGlobalSection
	GlobalSection(SolutionProperties) = preSolution
		HideSolutionNode = FALSE
	EndGlobalSection
EndGlobal
